
Microsoft Visual Studio Solution File, Format Version 12.00
# Visual Studio 15
VisualStudioVersion = 15.0.28307.1022
MinimumVisualStudioVersion = 10.0.40219.1
Project("{FAE04EC0-301F-11D3-BF4B-00C04F79EFBC}") = "TemaPIU1", "TemaPIU1.csproj", "{EA962F83-B652-4019-BD55-B1FF30ED9284}"
EndProject
Project("{FAE04EC0-301F-11D3-BF4B-00C04F79EFBC}") = "FORMULAR", "..\FORMULAR\FORMULAR.csproj", "{5043EC7F-1D79-4639-A956-0F2CD3275C55}"
EndProject
Global
	GlobalSection(SolutionConfigurationPlatforms) = preSolution
		Debug|Any CPU = Debug|Any CPU
		Release|Any CPU = Release|Any CPU
	EndGlobalSection
	GlobalSection(ProjectConfigurationPlatforms) = postSolution
		{EA962F83-B652-4019-BD55-B1FF30ED9284}.Debug|Any CPU.ActiveCfg = Debug|Any CPU
		{EA962F83-B652-4019-BD55-B1FF30ED9284}.Debug|Any CPU.Build.0 = Debug|Any CPU
		{EA962F83-B652-4019-BD55-B1FF30ED9284}.Release|Any CPU.ActiveCfg = Release|Any CPU
		{EA962F83-B652-4019-BD55-B1FF30ED9284}.Release|Any CPU.Build.0 = Release|Any CPU
		{5043EC7F-1D79-4639-A956-0F2CD3275C55}.Debug|Any CPU.ActiveCfg = Debug|Any CPU
		{5043EC7F-1D79-4639-A956-0F2CD3275C55}.Debug|Any CPU.Build.0 = Debug|Any CPU
		{5043EC7F-1D79-4639-A956-0F2CD3275C55}.Release|Any CPU.ActiveCfg = Release|Any CPU
		{5043EC7F-1D79-4639-A956-0F2CD3275C55}.Release|Any CPU.Build.0 = Release|Any CPU
	EndGlobalSection
	GlobalSection(SolutionProperties) = preSolution
		HideSolutionNode = FALSE
	EndGlobalSection
	GlobalSection(ExtensibilityGlobals) = postSolution
		SolutionGuid = {972A4A44-DE4D-4CF2-A8B6-5C61D746FADF}
	EndGlobalSection
EndGlobal
